
Microsoft Visual Studio Solution File, Format Version 12.00
# Visual Studio Version 16
VisualStudioVersion = 16.0.31129.286
MinimumVisualStudioVersion = 10.0.40219.1
Project("{FAE04EC0-301F-11D3-BF4B-00C04F79EFBC}") = "BasicOOP", "BasicOOP\BasicOOP.csproj", "{253DB762-B2AF-4A60-946E-133860E70B14}"
EndProject
Global
	GlobalSection(SolutionConfigurationPlatforms) = preSolution
		Debug|Any CPU = Debug|Any CPU
		Release|Any CPU = Release|Any CPU
	EndGlobalSection
	GlobalSection(ProjectConfigurationPlatforms) = postSolution
		{253DB762-B2AF-4A60-946E-133860E70B14}.Debug|Any CPU.ActiveCfg = Debug|Any CPU
		{253DB762-B2AF-4A60-946E-133860E70B14}.Debug|Any CPU.Build.0 = Debug|Any CPU
		{253DB762-B2AF-4A60-946E-133860E70B14}.Release|Any CPU.ActiveCfg = Release|Any CPU
		{253DB762-B2AF-4A60-946E-133860E70B14}.Release|Any CPU.Build.0 = Release|Any CPU
	EndGlobalSection
	GlobalSection(SolutionProperties) = preSolution
		HideSolutionNode = FALSE
	EndGlobalSection
	GlobalSection(ExtensibilityGlobals) = postSolution
		SolutionGuid = {91331301-84A9-40CD-B5CB-49252BFC95F8}
	EndGlobalSection
EndGlobal
